
Microsoft Visual Studio Solution File, Format Version 12.00
# Visual Studio Version 16
VisualStudioVersion = 16.0.29215.179
MinimumVisualStudioVersion = 10.0.40219.1
Project("{F184B08F-C81C-45F6-A57F-5ABD9991F28F}") = "SMH BangDream Acc Calculator", "SMH BangDream Acc Calculator\SMH BangDream Acc Calculator.vbproj", "{808FEE9B-C1A4-48B1-887F-9E34E2FB2417}"
EndProject
Global
	GlobalSection(SolutionConfigurationPlatforms) = preSolution
		Debug|Any CPU = Debug|Any CPU
		Release|Any CPU = Release|Any CPU
	EndGlobalSection
	GlobalSection(ProjectConfigurationPlatforms) = postSolution
		{808FEE9B-C1A4-48B1-887F-9E34E2FB2417}.Debug|Any CPU.ActiveCfg = Debug|Any CPU
		{808FEE9B-C1A4-48B1-887F-9E34E2FB2417}.Debug|Any CPU.Build.0 = Debug|Any CPU
		{808FEE9B-C1A4-48B1-887F-9E34E2FB2417}.Release|Any CPU.ActiveCfg = Release|Any CPU
		{808FEE9B-C1A4-48B1-887F-9E34E2FB2417}.Release|Any CPU.Build.0 = Release|Any CPU
	EndGlobalSection
	GlobalSection(SolutionProperties) = preSolution
		HideSolutionNode = FALSE
	EndGlobalSection
	GlobalSection(ExtensibilityGlobals) = postSolution
		SolutionGuid = {B423CC92-0B04-46F3-BCE3-DD89CB2BE13D}
	EndGlobalSection
EndGlobal
